
Microsoft Visual Studio Solution File, Format Version 11.00
# Visual Studio 2010
Project("{FAE04EC0-301F-11D3-BF4B-00C04F79EFBC}") = "Dotjosh.IRobotOnCLR.Framework", "Dotjosh.IRobotOnCLR.Framework\Dotjosh.IRobotOnCLR.Framework.csproj", "{C123E749-5C52-4C94-A603-1595458B15D4}"
EndProject
Project("{FAE04EC0-301F-11D3-BF4B-00C04F79EFBC}") = "Dotjosh.IRobotOnCLR.Tests", "Dotjosh.IRobotOnCLR.Tests\Dotjosh.IRobotOnCLR.Tests.csproj", "{FD21BCDF-6615-4956-9B32-2A9B14D6C1AF}"
EndProject
Project("{FAE04EC0-301F-11D3-BF4B-00C04F79EFBC}") = "Dotjosh.IRobotOnCLR.HostService", "Dotjosh.IRobotOnCLR.HostService\Dotjosh.IRobotOnCLR.HostService.csproj", "{2E58B5C0-9DCB-4A76-A4B4-D4E25D926D77}"
EndProject
Project("{FAE04EC0-301F-11D3-BF4B-00C04F79EFBC}") = "Dotjosh.IRobotOnCLR.Client.Silverlight", "Dotjosh.IRobotOnCLR.Client.Silverlight\Dotjosh.IRobotOnCLR.Client.Silverlight.csproj", "{3B53C95D-A532-4CFB-8E3D-CA0F0E220E90}"
EndProject
Project("{FAE04EC0-301F-11D3-BF4B-00C04F79EFBC}") = "Dotjosh.IRobotOnCLR.Client.Silverlight.Web", "Dotjosh.IRobotOnCLR.Client.Silverlight.Web\Dotjosh.IRobotOnCLR.Client.Silverlight.Web.csproj", "{C7739E51-64B0-4DD3-8EDC-B33C15BD7D2D}"
EndProject
Project("{FAE04EC0-301F-11D3-BF4B-00C04F79EFBC}") = "Dotjosh.IRobotOnCLR.Client.SilverlightPolicyServer", "Dotjosh.IRobotOnCLR.Client.SilverlightPolicyServer\Dotjosh.IRobotOnCLR.Client.SilverlightPolicyServer.csproj", "{2270A465-F307-4B92-ACB6-134B84240EAB}"
EndProject
Global
	GlobalSection(SolutionConfigurationPlatforms) = preSolution
		Debug|Any CPU = Debug|Any CPU
		Debug|Mixed Platforms = Debug|Mixed Platforms
		Debug|x86 = Debug|x86
		Release|Any CPU = Release|Any CPU
		Release|Mixed Platforms = Release|Mixed Platforms
		Release|x86 = Release|x86
	EndGlobalSection
	GlobalSection(ProjectConfigurationPlatforms) = postSolution
		{C123E749-5C52-4C94-A603-1595458B15D4}.Debug|Any CPU.ActiveCfg = Debug|Any CPU
		{C123E749-5C52-4C94-A603-1595458B15D4}.Debug|Any CPU.Build.0 = Debug|Any CPU
		{C123E749-5C52-4C94-A603-1595458B15D4}.Debug|Mixed Platforms.ActiveCfg = Debug|Any CPU
		{C123E749-5C52-4C94-A603-1595458B15D4}.Debug|Mixed Platforms.Build.0 = Debug|Any CPU
		{C123E749-5C52-4C94-A603-1595458B15D4}.Debug|x86.ActiveCfg = Debug|Any CPU
		{C123E749-5C52-4C94-A603-1595458B15D4}.Release|Any CPU.ActiveCfg = Release|Any CPU
		{C123E749-5C52-4C94-A603-1595458B15D4}.Release|Any CPU.Build.0 = Release|Any CPU
		{C123E749-5C52-4C94-A603-1595458B15D4}.Release|Mixed Platforms.ActiveCfg = Release|Any CPU
		{C123E749-5C52-4C94-A603-1595458B15D4}.Release|Mixed Platforms.Build.0 = Release|Any CPU
		{C123E749-5C52-4C94-A603-1595458B15D4}.Release|x86.ActiveCfg = Release|Any CPU
		{FD21BCDF-6615-4956-9B32-2A9B14D6C1AF}.Debug|Any CPU.ActiveCfg = Debug|Any CPU
		{FD21BCDF-6615-4956-9B32-2A9B14D6C1AF}.Debug|Any CPU.Build.0 = Debug|Any CPU
		{FD21BCDF-6615-4956-9B32-2A9B14D6C1AF}.Debug|Mixed Platforms.ActiveCfg = Debug|Any CPU
		{FD21BCDF-6615-4956-9B32-2A9B14D6C1AF}.Debug|Mixed Platforms.Build.0 = Debug|Any CPU
		{FD21BCDF-6615-4956-9B32-2A9B14D6C1AF}.Debug|x86.ActiveCfg = Debug|Any CPU
		{FD21BCDF-6615-4956-9B32-2A9B14D6C1AF}.Release|Any CPU.ActiveCfg = Release|Any CPU
		{FD21BCDF-6615-4956-9B32-2A9B14D6C1AF}.Release|Any CPU.Build.0 = Release|Any CPU
		{FD21BCDF-6615-4956-9B32-2A9B14D6C1AF}.Release|Mixed Platforms.ActiveCfg = Release|Any CPU
		{FD21BCDF-6615-4956-9B32-2A9B14D6C1AF}.Release|Mixed Platforms.Build.0 = Release|Any CPU
		{FD21BCDF-6615-4956-9B32-2A9B14D6C1AF}.Release|x86.ActiveCfg = Release|Any CPU
		{2E58B5C0-9DCB-4A76-A4B4-D4E25D926D77}.Debug|Any CPU.ActiveCfg = Debug|x86
		{2E58B5C0-9DCB-4A76-A4B4-D4E25D926D77}.Debug|Mixed Platforms.ActiveCfg = Debug|x86
		{2E58B5C0-9DCB-4A76-A4B4-D4E25D926D77}.Debug|Mixed Platforms.Build.0 = Debug|x86
		{2E58B5C0-9DCB-4A76-A4B4-D4E25D926D77}.Debug|x86.ActiveCfg = Debug|x86
		{2E58B5C0-9DCB-4A76-A4B4-D4E25D926D77}.Debug|x86.Build.0 = Debug|x86
		{2E58B5C0-9DCB-4A76-A4B4-D4E25D926D77}.Release|Any CPU.ActiveCfg = Release|x86
		{2E58B5C0-9DCB-4A76-A4B4-D4E25D926D77}.Release|Mixed Platforms.ActiveCfg = Release|x86
		{2E58B5C0-9DCB-4A76-A4B4-D4E25D926D77}.Release|Mixed Platforms.Build.0 = Release|x86
		{2E58B5C0-9DCB-4A76-A4B4-D4E25D926D77}.Release|x86.ActiveCfg = Release|x86
		{2E58B5C0-9DCB-4A76-A4B4-D4E25D926D77}.Release|x86.Build.0 = Release|x86
		{3B53C95D-A532-4CFB-8E3D-CA0F0E220E90}.Debug|Any CPU.ActiveCfg = Debug|Any CPU
		{3B53C95D-A532-4CFB-8E3D-CA0F0E220E90}.Debug|Any CPU.Build.0 = Debug|Any CPU
		{3B53C95D-A532-4CFB-8E3D-CA0F0E220E90}.Debug|Mixed Platforms.ActiveCfg = Debug|Any CPU
		{3B53C95D-A532-4CFB-8E3D-CA0F0E220E90}.Debug|Mixed Platforms.Build.0 = Debug|Any CPU
		{3B53C95D-A532-4CFB-8E3D-CA0F0E220E90}.Debug|x86.ActiveCfg = Debug|Any CPU
		{3B53C95D-A532-4CFB-8E3D-CA0F0E220E90}.Release|Any CPU.ActiveCfg = Release|Any CPU
		{3B53C95D-A532-4CFB-8E3D-CA0F0E220E90}.Release|Any CPU.Build.0 = Release|Any CPU
		{3B53C95D-A532-4CFB-8E3D-CA0F0E220E90}.Release|Mixed Platforms.ActiveCfg = Release|Any CPU
		{3B53C95D-A532-4CFB-8E3D-CA0F0E220E90}.Release|Mixed Platforms.Build.0 = Release|Any CPU
		{3B53C95D-A532-4CFB-8E3D-CA0F0E220E90}.Release|x86.ActiveCfg = Release|Any CPU
		{C7739E51-64B0-4DD3-8EDC-B33C15BD7D2D}.Debug|Any CPU.ActiveCfg = Debug|Any CPU
		{C7739E51-64B0-4DD3-8EDC-B33C15BD7D2D}.Debug|Any CPU.Build.0 = Debug|Any CPU
		{C7739E51-64B0-4DD3-8EDC-B33C15BD7D2D}.Debug|Mixed Platforms.ActiveCfg = Debug|Any CPU
		{C7739E51-64B0-4DD3-8EDC-B33C15BD7D2D}.Debug|Mixed Platforms.Build.0 = Debug|Any CPU
		{C7739E51-64B0-4DD3-8EDC-B33C15BD7D2D}.Debug|x86.ActiveCfg = Debug|Any CPU
		{C7739E51-64B0-4DD3-8EDC-B33C15BD7D2D}.Release|Any CPU.ActiveCfg = Release|Any CPU
		{C7739E51-64B0-4DD3-8EDC-B33C15BD7D2D}.Release|Any CPU.Build.0 = Release|Any CPU
		{C7739E51-64B0-4DD3-8EDC-B33C15BD7D2D}.Release|Mixed Platforms.ActiveCfg = Release|Any CPU
		{C7739E51-64B0-4DD3-8EDC-B33C15BD7D2D}.Release|Mixed Platforms.Build.0 = Release|Any CPU
		{C7739E51-64B0-4DD3-8EDC-B33C15BD7D2D}.Release|x86.ActiveCfg = Release|Any CPU
		{2270A465-F307-4B92-ACB6-134B84240EAB}.Debug|Any CPU.ActiveCfg = Debug|x86
		{2270A465-F307-4B92-ACB6-134B84240EAB}.Debug|Mixed Platforms.ActiveCfg = Debug|x86
		{2270A465-F307-4B92-ACB6-134B84240EAB}.Debug|Mixed Platforms.Build.0 = Debug|x86
		{2270A465-F307-4B92-ACB6-134B84240EAB}.Debug|x86.ActiveCfg = Debug|x86
		{2270A465-F307-4B92-ACB6-134B84240EAB}.Debug|x86.Build.0 = Debug|x86
		{2270A465-F307-4B92-ACB6-134B84240EAB}.Release|Any CPU.ActiveCfg = Release|x86
		{2270A465-F307-4B92-ACB6-134B84240EAB}.Release|Mixed Platforms.ActiveCfg = Release|x86
		{2270A465-F307-4B92-ACB6-134B84240EAB}.Release|Mixed Platforms.Build.0 = Release|x86
		{2270A465-F307-4B92-ACB6-134B84240EAB}.Release|x86.ActiveCfg = Release|x86
		{2270A465-F307-4B92-ACB6-134B84240EAB}.Release|x86.Build.0 = Release|x86
	EndGlobalSection
	GlobalSection(SolutionProperties) = preSolution
		HideSolutionNode = FALSE
	EndGlobalSection
EndGlobal
